PODS:
  - Flutter (1.0.0)
  - flutter_notification_linq (0.0.1):
    - Flutter

DEPENDENCIES:
  - Flutter (from `Flutter`)
  - flutter_notification_linq (from `.symlinks/plugins/flutter_notification_linq/ios`)

EXTERNAL SOURCES:
  Flutter:
    :path: Flutter
  flutter_notification_linq:
    :path: ".symlinks/plugins/flutter_notification_linq/ios"

SPEC CHECKSUMS:
  Flutter: f04841e97a9d0b0a8025694d0796dd46242b2854
  flutter_notification_linq: d096a75d827515cc369ef00e4342fdc1c4051391

PODFILE CHECKSUM: 663715e941f9adb426e33bf9376914006f9ea95b

COCOAPODS: 1.11.3
